
Microsoft Visual Studio Solution File, Format Version 12.00
# Visual Studio Version 17
VisualStudioVersion = 17.11.35327.3
MinimumVisualStudioVersion = 10.0.40219.1
Project("{FAE04EC0-301F-11D3-BF4B-00C04F79EFBC}") = "AspNETCoreExample", "AspNETCoreExample\AspNETCoreExample.csproj", "{EC7F5BB6-827C-B440-BAFD-51D9D31C4CEA}"
EndProject
Global
	GlobalSection(SolutionConfigurationPlatforms) = preSolution
		Debug|Any CPU = Debug|Any CPU
		Release|Any CPU = Release|Any CPU
	EndGlobalSection
	GlobalSection(ProjectConfigurationPlatforms) = postSolution
		{EC7F5BB6-827C-B440-BAFD-51D9D31C4CEA}.Debug|Any CPU.ActiveCfg = Debug|Any CPU
		{EC7F5BB6-827C-B440-BAFD-51D9D31C4CEA}.Debug|Any CPU.Build.0 = Debug|Any CPU
		{EC7F5BB6-827C-B440-BAFD-51D9D31C4CEA}.Release|Any CPU.ActiveCfg = Release|Any CPU
		{EC7F5BB6-827C-B440-BAFD-51D9D31C4CEA}.Release|Any CPU.Build.0 = Release|Any CPU
	EndGlobalSection
	GlobalSection(SolutionProperties) = preSolution
		HideSolutionNode = FALSE
	EndGlobalSection
	GlobalSection(ExtensibilityGlobals) = postSolution
		SolutionGuid = {39D1EB02-6481-4A1A-B0B6-562EFD7F32C5}
	EndGlobalSection
EndGlobal
